
Microsoft Visual Studio Solution File, Format Version 12.00
# Visual Studio Version 16
VisualStudioVersion = 16.0.30406.217
MinimumVisualStudioVersion = 10.0.40219.1
Project("{FAE04EC0-301F-11D3-BF4B-00C04F79EFBC}") = "test7.15", "test7.15\test7.15.csproj", "{1AB51CC5-E372-4033-AE3B-7A143F9A4BA4}"
EndProject
Project("{FAE04EC0-301F-11D3-BF4B-00C04F79EFBC}") = "test7.16", "test7.16\test7.16.csproj", "{90FAB011-F084-49DE-8816-1E0FF10A0192}"
EndProject
Project("{FAE04EC0-301F-11D3-BF4B-00C04F79EFBC}") = "test7.17", "test7.17\test7.17.csproj", "{69440AFE-7683-4795-84E5-5599C47313A3}"
EndProject
Project("{FAE04EC0-301F-11D3-BF4B-00C04F79EFBC}") = "test7.18", "test7.18\test7.18.csproj", "{107AFA01-1CC2-40E0-850E-CB7AB0F40AD5}"
EndProject
Global
	GlobalSection(SolutionConfigurationPlatforms) = preSolution
		Debug|Any CPU = Debug|Any CPU
		Release|Any CPU = Release|Any CPU
	EndGlobalSection
	GlobalSection(ProjectConfigurationPlatforms) = postSolution
		{1AB51CC5-E372-4033-AE3B-7A143F9A4BA4}.Debug|Any CPU.ActiveCfg = Debug|Any CPU
		{1AB51CC5-E372-4033-AE3B-7A143F9A4BA4}.Debug|Any CPU.Build.0 = Debug|Any CPU
		{1AB51CC5-E372-4033-AE3B-7A143F9A4BA4}.Release|Any CPU.ActiveCfg = Release|Any CPU
		{1AB51CC5-E372-4033-AE3B-7A143F9A4BA4}.Release|Any CPU.Build.0 = Release|Any CPU
		{90FAB011-F084-49DE-8816-1E0FF10A0192}.Debug|Any CPU.ActiveCfg = Debug|Any CPU
		{90FAB011-F084-49DE-8816-1E0FF10A0192}.Debug|Any CPU.Build.0 = Debug|Any CPU
		{90FAB011-F084-49DE-8816-1E0FF10A0192}.Release|Any CPU.ActiveCfg = Release|Any CPU
		{90FAB011-F084-49DE-8816-1E0FF10A0192}.Release|Any CPU.Build.0 = Release|Any CPU
		{69440AFE-7683-4795-84E5-5599C47313A3}.Debug|Any CPU.ActiveCfg = Debug|Any CPU
		{69440AFE-7683-4795-84E5-5599C47313A3}.Debug|Any CPU.Build.0 = Debug|Any CPU
		{69440AFE-7683-4795-84E5-5599C47313A3}.Release|Any CPU.ActiveCfg = Release|Any CPU
		{69440AFE-7683-4795-84E5-5599C47313A3}.Release|Any CPU.Build.0 = Release|Any CPU
		{107AFA01-1CC2-40E0-850E-CB7AB0F40AD5}.Debug|Any CPU.ActiveCfg = Debug|Any CPU
		{107AFA01-1CC2-40E0-850E-CB7AB0F40AD5}.Debug|Any CPU.Build.0 = Debug|Any CPU
		{107AFA01-1CC2-40E0-850E-CB7AB0F40AD5}.Release|Any CPU.ActiveCfg = Release|Any CPU
		{107AFA01-1CC2-40E0-850E-CB7AB0F40AD5}.Release|Any CPU.Build.0 = Release|Any CPU
	EndGlobalSection
	GlobalSection(SolutionProperties) = preSolution
		HideSolutionNode = FALSE
	EndGlobalSection
	GlobalSection(ExtensibilityGlobals) = postSolution
		SolutionGuid = {806C2807-B788-441F-B080-04167829DECB}
	EndGlobalSection
EndGlobal
