
Microsoft Visual Studio Solution File, Format Version 12.00
# Visual Studio Version 16
VisualStudioVersion = 16.0.30406.217
MinimumVisualStudioVersion = 10.0.40219.1
Project("{FAE04EC0-301F-11D3-BF4B-00C04F79EFBC}") = "test2.1", "test2.1\test2.1.csproj", "{C9C6A194-93C9-4B8D-BFC4-140A7BF0CB0D}"
EndProject
Project("{FAE04EC0-301F-11D3-BF4B-00C04F79EFBC}") = "test2.2", "test2.2\test2.2.csproj", "{B6406593-3E6A-46F8-ACC9-3AA4A6BBBF1A}"
EndProject
Project("{FAE04EC0-301F-11D3-BF4B-00C04F79EFBC}") = "test2.3", "test2.3\test2.3.csproj", "{97354144-8361-4A4E-A235-518CACABCA77}"
EndProject
Project("{FAE04EC0-301F-11D3-BF4B-00C04F79EFBC}") = "test2.4", "test2.4\test2.4.csproj", "{361C298C-1341-4954-9C2B-83F363300078}"
EndProject
Project("{FAE04EC0-301F-11D3-BF4B-00C04F79EFBC}") = "test3.1", "test3.1\test3.1.csproj", "{28FD3FC9-7B1E-4C30-A28D-172AD2E2C727}"
EndProject
Project("{FAE04EC0-301F-11D3-BF4B-00C04F79EFBC}") = "test3.3", "test3.3\test3.3.csproj", "{FD8E7B72-EB8F-4815-BCE9-D0D17E0AEEDB}"
EndProject
Project("{FAE04EC0-301F-11D3-BF4B-00C04F79EFBC}") = "test3.4", "test3.4\test3.4.csproj", "{508E4DE6-4568-4558-B910-24A911E51B72}"
EndProject
Project("{FAE04EC0-301F-11D3-BF4B-00C04F79EFBC}") = "test3.5and3.6", "test3.5and3.6\test3.5and3.6.csproj", "{8699DD59-0D57-4FBB-AF2E-AA8FA3D3415B}"
EndProject
Project("{FAE04EC0-301F-11D3-BF4B-00C04F79EFBC}") = "test3.7and3.8", "test3.7and3.8\test3.7and3.8.csproj", "{220D1A19-BE8B-450C-B5D3-1D5DAE385FC3}"
EndProject
Project("{FAE04EC0-301F-11D3-BF4B-00C04F79EFBC}") = "test3.9andtest3.10", "test3.9andtest3.10\test3.9andtest3.10.csproj", "{747A76E9-3C83-451E-9F07-7EB0D9476F33}"
EndProject
Project("{FAE04EC0-301F-11D3-BF4B-00C04F79EFBC}") = "test3.11andtest3.12", "test3.11andtest3.12\test3.11andtest3.12.csproj", "{2434DF77-790E-4FF1-A6FE-066AE5350E43}"
EndProject
Project("{FAE04EC0-301F-11D3-BF4B-00C04F79EFBC}") = "test3.13andtest3.14", "test3.13andtest3.14\test3.13andtest3.14.csproj", "{530FBA65-C47F-40AC-A861-0352D50CE9FF}"
EndProject
Project("{FAE04EC0-301F-11D3-BF4B-00C04F79EFBC}") = "test3.15andtest3.16", "test3.15andtest3.16\test3.15andtest3.16.csproj", "{D9220006-55CB-4229-8A8F-6B154F241633}"
EndProject
Project("{FAE04EC0-301F-11D3-BF4B-00C04F79EFBC}") = "test4.1adntest4.2", "test4.1adntest4.2\test4.1adntest4.2.csproj", "{8EBA695C-189A-4AD6-95E6-FC1A9B52CFED}"
EndProject
Project("{FAE04EC0-301F-11D3-BF4B-00C04F79EFBC}") = "test4.3andtest4.4", "test4.3andtest4.4\test4.3andtest4.4.csproj", "{954B6799-FA6E-4A5C-B106-376415B4A983}"
EndProject
Project("{FAE04EC0-301F-11D3-BF4B-00C04F79EFBC}") = "test4.5andtest4.6", "test4.5andtest4.6\test4.5andtest4.6.csproj", "{841A1A40-6153-49A9-9756-73AC111F486A}"
EndProject
Project("{FAE04EC0-301F-11D3-BF4B-00C04F79EFBC}") = "test4.7andtest4.8", "test4.7andtest4.8\test4.7andtest4.8.csproj", "{FA662C6D-EEC7-4027-A628-7BB6D3F18BC7}"
EndProject
Project("{FAE04EC0-301F-11D3-BF4B-00C04F79EFBC}") = "test4.11andtest4.12", "test4.11andtest4.12\test4.11andtest4.12.csproj", "{7D5BBA7B-7323-4B77-9F7E-D7B8900FE13B}"
EndProject
Project("{FAE04EC0-301F-11D3-BF4B-00C04F79EFBC}") = "test4.13andtest4.14", "test4.13andtest4.14\test4.13andtest4.14.csproj", "{AB4424A8-D71B-4FD8-942E-C96A6E2A3BF2}"
EndProject
Project("{FAE04EC0-301F-11D3-BF4B-00C04F79EFBC}") = "test4.15andtest4.16", "test4.15andtest4.16\test4.15andtest4.16.csproj", "{4EB75C29-B17F-4F7C-8346-DC1628FFC87B}"
EndProject
Project("{FAE04EC0-301F-11D3-BF4B-00C04F79EFBC}") = "test4.17andtest4.18", "test4.17andtest4.18\test4.17andtest4.18.csproj", "{E3204AA2-0A9D-4436-826B-15C2DA4D162A}"
EndProject
Project("{FAE04EC0-301F-11D3-BF4B-00C04F79EFBC}") = "test4.19andtest4.20", "test4.19andtest4.20\test4.19andtest4.20.csproj", "{B9EBB6F0-F817-4147-BE0A-BA0B0217EEBF}"
EndProject
Project("{FAE04EC0-301F-11D3-BF4B-00C04F79EFBC}") = "test4.21andtest4.22", "test4.21andtest4.22\test4.21andtest4.22.csproj", "{C1777535-7543-46F8-9553-33012543718F}"
EndProject
Project("{FAE04EC0-301F-11D3-BF4B-00C04F79EFBC}") = "test11.3andtest11.4", "test11.3andtest11.4\test11.3andtest11.4.csproj", "{04D11AA9-EEF1-4F2C-8B0B-661D14B2BBD4}"
EndProject
Project("{FAE04EC0-301F-11D3-BF4B-00C04F79EFBC}") = "test11.1andtest11.2", "test11.1andtest11.2\test11.1andtest11.2.csproj", "{AA9CD6BC-0701-4556-A95E-ACC53929A764}"
EndProject
Project("{FAE04EC0-301F-11D3-BF4B-00C04F79EFBC}") = "test5.1andtest5.2", "test5.1andtest5.2\test5.1andtest5.2.csproj", "{DD7F9EF5-F9AC-49A2-96E1-B53AEB467A2A}"
EndProject
Project("{FAE04EC0-301F-11D3-BF4B-00C04F79EFBC}") = "test5.3andtest5.4", "test5.3andtest5.4\test5.3andtest5.4.csproj", "{DF6D8622-EC4C-4EBB-AF73-62DB164CC558}"
EndProject
Project("{FAE04EC0-301F-11D3-BF4B-00C04F79EFBC}") = "test5.5andtest5.6", "test5.5andtest5.6\test5.5andtest5.6.csproj", "{613913C3-8A96-425D-A606-4188071CCAED}"
EndProject
Project("{FAE04EC0-301F-11D3-BF4B-00C04F79EFBC}") = "test5.7andtest5.8", "test5.7andtest5.8\test5.7andtest5.8.csproj", "{5A0426B3-C3E2-48B6-A37D-CA9C777EEA7F}"
EndProject
Project("{FAE04EC0-301F-11D3-BF4B-00C04F79EFBC}") = "test7.1", "test7.1\test7.1.csproj", "{5913A493-723A-40DA-BDFF-B76CB434541F}"
EndProject
Project("{FAE04EC0-301F-11D3-BF4B-00C04F79EFBC}") = "test7.2", "test7.2\test7.2.csproj", "{1DCA0221-A292-4617-8ACC-C1BCC49248EE}"
EndProject
Project("{FAE04EC0-301F-11D3-BF4B-00C04F79EFBC}") = "test7.3", "test7.3\test7.3.csproj", "{536F05AE-DCAB-4478-B388-B4A543BBE5CF}"
EndProject
Project("{FAE04EC0-301F-11D3-BF4B-00C04F79EFBC}") = "test7.4", "test7.4\test7.4.csproj", "{16A99D01-AC74-441F-B5BA-44633D256524}"
EndProject
Project("{FAE04EC0-301F-11D3-BF4B-00C04F79EFBC}") = "test7.5", "test7.5\test7.5.csproj", "{55AEC4AA-F81A-4B7A-9A5B-F511203624E1}"
EndProject
Project("{FAE04EC0-301F-11D3-BF4B-00C04F79EFBC}") = "test7.7", "test7.7\test7.7.csproj", "{B6B4CE81-A4B1-478D-9BDD-44CA4CC0C9EE}"
EndProject
Project("{FAE04EC0-301F-11D3-BF4B-00C04F79EFBC}") = "test7.13", "test7.13\test7.13.csproj", "{15649B6B-34D9-4EA6-B128-D4C66A1D8BDB}"
EndProject
Project("{FAE04EC0-301F-11D3-BF4B-00C04F79EFBC}") = "test7.8", "test7.8\test7.8.csproj", "{38F79736-76F9-4970-BB53-9F400D65B296}"
EndProject
Project("{FAE04EC0-301F-11D3-BF4B-00C04F79EFBC}") = "test7.14", "test7.14\test7.14.csproj", "{1B6845A8-4287-47BC-9E38-979E6CD2F54A}"
EndProject
Global
	GlobalSection(SolutionConfigurationPlatforms) = preSolution
		Debug|Any CPU = Debug|Any CPU
		Release|Any CPU = Release|Any CPU
	EndGlobalSection
	GlobalSection(ProjectConfigurationPlatforms) = postSolution
		{C9C6A194-93C9-4B8D-BFC4-140A7BF0CB0D}.Debug|Any CPU.ActiveCfg = Debug|Any CPU
		{C9C6A194-93C9-4B8D-BFC4-140A7BF0CB0D}.Debug|Any CPU.Build.0 = Debug|Any CPU
		{C9C6A194-93C9-4B8D-BFC4-140A7BF0CB0D}.Release|Any CPU.ActiveCfg = Release|Any CPU
		{C9C6A194-93C9-4B8D-BFC4-140A7BF0CB0D}.Release|Any CPU.Build.0 = Release|Any CPU
		{B6406593-3E6A-46F8-ACC9-3AA4A6BBBF1A}.Debug|Any CPU.ActiveCfg = Debug|Any CPU
		{B6406593-3E6A-46F8-ACC9-3AA4A6BBBF1A}.Debug|Any CPU.Build.0 = Debug|Any CPU
		{B6406593-3E6A-46F8-ACC9-3AA4A6BBBF1A}.Release|Any CPU.ActiveCfg = Release|Any CPU
		{B6406593-3E6A-46F8-ACC9-3AA4A6BBBF1A}.Release|Any CPU.Build.0 = Release|Any CPU
		{97354144-8361-4A4E-A235-518CACABCA77}.Debug|Any CPU.ActiveCfg = Debug|Any CPU
		{97354144-8361-4A4E-A235-518CACABCA77}.Debug|Any CPU.Build.0 = Debug|Any CPU
		{97354144-8361-4A4E-A235-518CACABCA77}.Release|Any CPU.ActiveCfg = Release|Any CPU
		{97354144-8361-4A4E-A235-518CACABCA77}.Release|Any CPU.Build.0 = Release|Any CPU
		{361C298C-1341-4954-9C2B-83F363300078}.Debug|Any CPU.ActiveCfg = Debug|Any CPU
		{361C298C-1341-4954-9C2B-83F363300078}.Debug|Any CPU.Build.0 = Debug|Any CPU
		{361C298C-1341-4954-9C2B-83F363300078}.Release|Any CPU.ActiveCfg = Release|Any CPU
		{361C298C-1341-4954-9C2B-83F363300078}.Release|Any CPU.Build.0 = Release|Any CPU
		{28FD3FC9-7B1E-4C30-A28D-172AD2E2C727}.Debug|Any CPU.ActiveCfg = Debug|Any CPU
		{28FD3FC9-7B1E-4C30-A28D-172AD2E2C727}.Debug|Any CPU.Build.0 = Debug|Any CPU
		{28FD3FC9-7B1E-4C30-A28D-172AD2E2C727}.Release|Any CPU.ActiveCfg = Release|Any CPU
		{28FD3FC9-7B1E-4C30-A28D-172AD2E2C727}.Release|Any CPU.Build.0 = Release|Any CPU
		{FD8E7B72-EB8F-4815-BCE9-D0D17E0AEEDB}.Debug|Any CPU.ActiveCfg = Debug|Any CPU
		{FD8E7B72-EB8F-4815-BCE9-D0D17E0AEEDB}.Debug|Any CPU.Build.0 = Debug|Any CPU
		{FD8E7B72-EB8F-4815-BCE9-D0D17E0AEEDB}.Release|Any CPU.ActiveCfg = Release|Any CPU
		{FD8E7B72-EB8F-4815-BCE9-D0D17E0AEEDB}.Release|Any CPU.Build.0 = Release|Any CPU
		{508E4DE6-4568-4558-B910-24A911E51B72}.Debug|Any CPU.ActiveCfg = Debug|Any CPU
		{508E4DE6-4568-4558-B910-24A911E51B72}.Debug|Any CPU.Build.0 = Debug|Any CPU
		{508E4DE6-4568-4558-B910-24A911E51B72}.Release|Any CPU.ActiveCfg = Release|Any CPU
		{508E4DE6-4568-4558-B910-24A911E51B72}.Release|Any CPU.Build.0 = Release|Any CPU
		{8699DD59-0D57-4FBB-AF2E-AA8FA3D3415B}.Debug|Any CPU.ActiveCfg = Debug|Any CPU
		{8699DD59-0D57-4FBB-AF2E-AA8FA3D3415B}.Debug|Any CPU.Build.0 = Debug|Any CPU
		{8699DD59-0D57-4FBB-AF2E-AA8FA3D3415B}.Release|Any CPU.ActiveCfg = Release|Any CPU
		{8699DD59-0D57-4FBB-AF2E-AA8FA3D3415B}.Release|Any CPU.Build.0 = Release|Any CPU
		{220D1A19-BE8B-450C-B5D3-1D5DAE385FC3}.Debug|Any CPU.ActiveCfg = Debug|Any CPU
		{220D1A19-BE8B-450C-B5D3-1D5DAE385FC3}.Debug|Any CPU.Build.0 = Debug|Any CPU
		{220D1A19-BE8B-450C-B5D3-1D5DAE385FC3}.Release|Any CPU.ActiveCfg = Release|Any CPU
		{220D1A19-BE8B-450C-B5D3-1D5DAE385FC3}.Release|Any CPU.Build.0 = Release|Any CPU
		{747A76E9-3C83-451E-9F07-7EB0D9476F33}.Debug|Any CPU.ActiveCfg = Debug|Any CPU
		{747A76E9-3C83-451E-9F07-7EB0D9476F33}.Debug|Any CPU.Build.0 = Debug|Any CPU
		{747A76E9-3C83-451E-9F07-7EB0D9476F33}.Release|Any CPU.ActiveCfg = Release|Any CPU
		{747A76E9-3C83-451E-9F07-7EB0D9476F33}.Release|Any CPU.Build.0 = Release|Any CPU
		{2434DF77-790E-4FF1-A6FE-066AE5350E43}.Debug|Any CPU.ActiveCfg = Debug|Any CPU
		{2434DF77-790E-4FF1-A6FE-066AE5350E43}.Debug|Any CPU.Build.0 = Debug|Any CPU
		{2434DF77-790E-4FF1-A6FE-066AE5350E43}.Release|Any CPU.ActiveCfg = Release|Any CPU
		{2434DF77-790E-4FF1-A6FE-066AE5350E43}.Release|Any CPU.Build.0 = Release|Any CPU
		{530FBA65-C47F-40AC-A861-0352D50CE9FF}.Debug|Any CPU.ActiveCfg = Debug|Any CPU
		{530FBA65-C47F-40AC-A861-0352D50CE9FF}.Debug|Any CPU.Build.0 = Debug|Any CPU
		{530FBA65-C47F-40AC-A861-0352D50CE9FF}.Release|Any CPU.ActiveCfg = Release|Any CPU
		{530FBA65-C47F-40AC-A861-0352D50CE9FF}.Release|Any CPU.Build.0 = Release|Any CPU
		{D9220006-55CB-4229-8A8F-6B154F241633}.Debug|Any CPU.ActiveCfg = Debug|Any CPU
		{D9220006-55CB-4229-8A8F-6B154F241633}.Debug|Any CPU.Build.0 = Debug|Any CPU
		{D9220006-55CB-4229-8A8F-6B154F241633}.Release|Any CPU.ActiveCfg = Release|Any CPU
		{D9220006-55CB-4229-8A8F-6B154F241633}.Release|Any CPU.Build.0 = Release|Any CPU
		{8EBA695C-189A-4AD6-95E6-FC1A9B52CFED}.Debug|Any CPU.ActiveCfg = Debug|Any CPU
		{8EBA695C-189A-4AD6-95E6-FC1A9B52CFED}.Debug|Any CPU.Build.0 = Debug|Any CPU
		{8EBA695C-189A-4AD6-95E6-FC1A9B52CFED}.Release|Any CPU.ActiveCfg = Release|Any CPU
		{8EBA695C-189A-4AD6-95E6-FC1A9B52CFED}.Release|Any CPU.Build.0 = Release|Any CPU
		{954B6799-FA6E-4A5C-B106-376415B4A983}.Debug|Any CPU.ActiveCfg = Debug|Any CPU
		{954B6799-FA6E-4A5C-B106-376415B4A983}.Debug|Any CPU.Build.0 = Debug|Any CPU
		{954B6799-FA6E-4A5C-B106-376415B4A983}.Release|Any CPU.ActiveCfg = Release|Any CPU
		{954B6799-FA6E-4A5C-B106-376415B4A983}.Release|Any CPU.Build.0 = Release|Any CPU
		{841A1A40-6153-49A9-9756-73AC111F486A}.Debug|Any CPU.ActiveCfg = Debug|Any CPU
		{841A1A40-6153-49A9-9756-73AC111F486A}.Debug|Any CPU.Build.0 = Debug|Any CPU
		{841A1A40-6153-49A9-9756-73AC111F486A}.Release|Any CPU.ActiveCfg = Release|Any CPU
		{841A1A40-6153-49A9-9756-73AC111F486A}.Release|Any CPU.Build.0 = Release|Any CPU
		{FA662C6D-EEC7-4027-A628-7BB6D3F18BC7}.Debug|Any CPU.ActiveCfg = Debug|Any CPU
		{FA662C6D-EEC7-4027-A628-7BB6D3F18BC7}.Debug|Any CPU.Build.0 = Debug|Any CPU
		{FA662C6D-EEC7-4027-A628-7BB6D3F18BC7}.Release|Any CPU.ActiveCfg = Release|Any CPU
		{FA662C6D-EEC7-4027-A628-7BB6D3F18BC7}.Release|Any CPU.Build.0 = Release|Any CPU
		{7D5BBA7B-7323-4B77-9F7E-D7B8900FE13B}.Debug|Any CPU.ActiveCfg = Debug|Any CPU
		{7D5BBA7B-7323-4B77-9F7E-D7B8900FE13B}.Debug|Any CPU.Build.0 = Debug|Any CPU
		{7D5BBA7B-7323-4B77-9F7E-D7B8900FE13B}.Release|Any CPU.ActiveCfg = Release|Any CPU
		{7D5BBA7B-7323-4B77-9F7E-D7B8900FE13B}.Release|Any CPU.Build.0 = Release|Any CPU
		{AB4424A8-D71B-4FD8-942E-C96A6E2A3BF2}.Debug|Any CPU.ActiveCfg = Debug|Any CPU
		{AB4424A8-D71B-4FD8-942E-C96A6E2A3BF2}.Debug|Any CPU.Build.0 = Debug|Any CPU
		{AB4424A8-D71B-4FD8-942E-C96A6E2A3BF2}.Release|Any CPU.ActiveCfg = Release|Any CPU
		{AB4424A8-D71B-4FD8-942E-C96A6E2A3BF2}.Release|Any CPU.Build.0 = Release|Any CPU
		{4EB75C29-B17F-4F7C-8346-DC1628FFC87B}.Debug|Any CPU.ActiveCfg = Debug|Any CPU
		{4EB75C29-B17F-4F7C-8346-DC1628FFC87B}.Debug|Any CPU.Build.0 = Debug|Any CPU
		{4EB75C29-B17F-4F7C-8346-DC1628FFC87B}.Release|Any CPU.ActiveCfg = Release|Any CPU
		{4EB75C29-B17F-4F7C-8346-DC1628FFC87B}.Release|Any CPU.Build.0 = Release|Any CPU
		{E3204AA2-0A9D-4436-826B-15C2DA4D162A}.Debug|Any CPU.ActiveCfg = Debug|Any CPU
		{E3204AA2-0A9D-4436-826B-15C2DA4D162A}.Debug|Any CPU.Build.0 = Debug|Any CPU
		{E3204AA2-0A9D-4436-826B-15C2DA4D162A}.Release|Any CPU.ActiveCfg = Release|Any CPU
		{E3204AA2-0A9D-4436-826B-15C2DA4D162A}.Release|Any CPU.Build.0 = Release|Any CPU
		{B9EBB6F0-F817-4147-BE0A-BA0B0217EEBF}.Debug|Any CPU.ActiveCfg = Debug|Any CPU
		{B9EBB6F0-F817-4147-BE0A-BA0B0217EEBF}.Debug|Any CPU.Build.0 = Debug|Any CPU
		{B9EBB6F0-F817-4147-BE0A-BA0B0217EEBF}.Release|Any CPU.ActiveCfg = Release|Any CPU
		{B9EBB6F0-F817-4147-BE0A-BA0B0217EEBF}.Release|Any CPU.Build.0 = Release|Any CPU
		{C1777535-7543-46F8-9553-33012543718F}.Debug|Any CPU.ActiveCfg = Debug|Any CPU
		{C1777535-7543-46F8-9553-33012543718F}.Debug|Any CPU.Build.0 = Debug|Any CPU
		{C1777535-7543-46F8-9553-33012543718F}.Release|Any CPU.ActiveCfg = Release|Any CPU
		{C1777535-7543-46F8-9553-33012543718F}.Release|Any CPU.Build.0 = Release|Any CPU
		{04D11AA9-EEF1-4F2C-8B0B-661D14B2BBD4}.Debug|Any CPU.ActiveCfg = Debug|Any CPU
		{04D11AA9-EEF1-4F2C-8B0B-661D14B2BBD4}.Debug|Any CPU.Build.0 = Debug|Any CPU
		{04D11AA9-EEF1-4F2C-8B0B-661D14B2BBD4}.Release|Any CPU.ActiveCfg = Release|Any CPU
		{04D11AA9-EEF1-4F2C-8B0B-661D14B2BBD4}.Release|Any CPU.Build.0 = Release|Any CPU
		{AA9CD6BC-0701-4556-A95E-ACC53929A764}.Debug|Any CPU.ActiveCfg = Debug|Any CPU
		{AA9CD6BC-0701-4556-A95E-ACC53929A764}.Debug|Any CPU.Build.0 = Debug|Any CPU
		{AA9CD6BC-0701-4556-A95E-ACC53929A764}.Release|Any CPU.ActiveCfg = Release|Any CPU
		{AA9CD6BC-0701-4556-A95E-ACC53929A764}.Release|Any CPU.Build.0 = Release|Any CPU
		{DD7F9EF5-F9AC-49A2-96E1-B53AEB467A2A}.Debug|Any CPU.ActiveCfg = Debug|Any CPU
		{DD7F9EF5-F9AC-49A2-96E1-B53AEB467A2A}.Debug|Any CPU.Build.0 = Debug|Any CPU
		{DD7F9EF5-F9AC-49A2-96E1-B53AEB467A2A}.Release|Any CPU.ActiveCfg = Release|Any CPU
		{DD7F9EF5-F9AC-49A2-96E1-B53AEB467A2A}.Release|Any CPU.Build.0 = Release|Any CPU
		{DF6D8622-EC4C-4EBB-AF73-62DB164CC558}.Debug|Any CPU.ActiveCfg = Debug|Any CPU
		{DF6D8622-EC4C-4EBB-AF73-62DB164CC558}.Debug|Any CPU.Build.0 = Debug|Any CPU
		{DF6D8622-EC4C-4EBB-AF73-62DB164CC558}.Release|Any CPU.ActiveCfg = Release|Any CPU
		{DF6D8622-EC4C-4EBB-AF73-62DB164CC558}.Release|Any CPU.Build.0 = Release|Any CPU
		{613913C3-8A96-425D-A606-4188071CCAED}.Debug|Any CPU.ActiveCfg = Debug|Any CPU
		{613913C3-8A96-425D-A606-4188071CCAED}.Debug|Any CPU.Build.0 = Debug|Any CPU
		{613913C3-8A96-425D-A606-4188071CCAED}.Release|Any CPU.ActiveCfg = Release|Any CPU
		{613913C3-8A96-425D-A606-4188071CCAED}.Release|Any CPU.Build.0 = Release|Any CPU
		{5A0426B3-C3E2-48B6-A37D-CA9C777EEA7F}.Debug|Any CPU.ActiveCfg = Debug|Any CPU
		{5A0426B3-C3E2-48B6-A37D-CA9C777EEA7F}.Debug|Any CPU.Build.0 = Debug|Any CPU
		{5A0426B3-C3E2-48B6-A37D-CA9C777EEA7F}.Release|Any CPU.ActiveCfg = Release|Any CPU
		{5A0426B3-C3E2-48B6-A37D-CA9C777EEA7F}.Release|Any CPU.Build.0 = Release|Any CPU
		{5913A493-723A-40DA-BDFF-B76CB434541F}.Debug|Any CPU.ActiveCfg = Debug|Any CPU
		{5913A493-723A-40DA-BDFF-B76CB434541F}.Debug|Any CPU.Build.0 = Debug|Any CPU
		{5913A493-723A-40DA-BDFF-B76CB434541F}.Release|Any CPU.ActiveCfg = Release|Any CPU
		{5913A493-723A-40DA-BDFF-B76CB434541F}.Release|Any CPU.Build.0 = Release|Any CPU
		{1DCA0221-A292-4617-8ACC-C1BCC49248EE}.Debug|Any CPU.ActiveCfg = Debug|Any CPU
		{1DCA0221-A292-4617-8ACC-C1BCC49248EE}.Debug|Any CPU.Build.0 = Debug|Any CPU
		{1DCA0221-A292-4617-8ACC-C1BCC49248EE}.Release|Any CPU.ActiveCfg = Release|Any CPU
		{1DCA0221-A292-4617-8ACC-C1BCC49248EE}.Release|Any CPU.Build.0 = Release|Any CPU
		{536F05AE-DCAB-4478-B388-B4A543BBE5CF}.Debug|Any CPU.ActiveCfg = Debug|Any CPU
		{536F05AE-DCAB-4478-B388-B4A543BBE5CF}.Debug|Any CPU.Build.0 = Debug|Any CPU
		{536F05AE-DCAB-4478-B388-B4A543BBE5CF}.Release|Any CPU.ActiveCfg = Release|Any CPU
		{536F05AE-DCAB-4478-B388-B4A543BBE5CF}.Release|Any CPU.Build.0 = Release|Any CPU
		{16A99D01-AC74-441F-B5BA-44633D256524}.Debug|Any CPU.ActiveCfg = Debug|Any CPU
		{16A99D01-AC74-441F-B5BA-44633D256524}.Debug|Any CPU.Build.0 = Debug|Any CPU
		{16A99D01-AC74-441F-B5BA-44633D256524}.Release|Any CPU.ActiveCfg = Release|Any CPU
		{16A99D01-AC74-441F-B5BA-44633D256524}.Release|Any CPU.Build.0 = Release|Any CPU
		{55AEC4AA-F81A-4B7A-9A5B-F511203624E1}.Debug|Any CPU.ActiveCfg = Debug|Any CPU
		{55AEC4AA-F81A-4B7A-9A5B-F511203624E1}.Debug|Any CPU.Build.0 = Debug|Any CPU
		{55AEC4AA-F81A-4B7A-9A5B-F511203624E1}.Release|Any CPU.ActiveCfg = Release|Any CPU
		{55AEC4AA-F81A-4B7A-9A5B-F511203624E1}.Release|Any CPU.Build.0 = Release|Any CPU
		{B6B4CE81-A4B1-478D-9BDD-44CA4CC0C9EE}.Debug|Any CPU.ActiveCfg = Debug|Any CPU
		{B6B4CE81-A4B1-478D-9BDD-44CA4CC0C9EE}.Debug|Any CPU.Build.0 = Debug|Any CPU
		{B6B4CE81-A4B1-478D-9BDD-44CA4CC0C9EE}.Release|Any CPU.ActiveCfg = Release|Any CPU
		{B6B4CE81-A4B1-478D-9BDD-44CA4CC0C9EE}.Release|Any CPU.Build.0 = Release|Any CPU
		{15649B6B-34D9-4EA6-B128-D4C66A1D8BDB}.Debug|Any CPU.ActiveCfg = Debug|Any CPU
		{15649B6B-34D9-4EA6-B128-D4C66A1D8BDB}.Debug|Any CPU.Build.0 = Debug|Any CPU
		{15649B6B-34D9-4EA6-B128-D4C66A1D8BDB}.Release|Any CPU.ActiveCfg = Release|Any CPU
		{15649B6B-34D9-4EA6-B128-D4C66A1D8BDB}.Release|Any CPU.Build.0 = Release|Any CPU
		{38F79736-76F9-4970-BB53-9F400D65B296}.Debug|Any CPU.ActiveCfg = Debug|Any CPU
		{38F79736-76F9-4970-BB53-9F400D65B296}.Debug|Any CPU.Build.0 = Debug|Any CPU
		{38F79736-76F9-4970-BB53-9F400D65B296}.Release|Any CPU.ActiveCfg = Release|Any CPU
		{38F79736-76F9-4970-BB53-9F400D65B296}.Release|Any CPU.Build.0 = Release|Any CPU
		{1B6845A8-4287-47BC-9E38-979E6CD2F54A}.Debug|Any CPU.ActiveCfg = Debug|Any CPU
		{1B6845A8-4287-47BC-9E38-979E6CD2F54A}.Debug|Any CPU.Build.0 = Debug|Any CPU
		{1B6845A8-4287-47BC-9E38-979E6CD2F54A}.Release|Any CPU.ActiveCfg = Release|Any CPU
		{1B6845A8-4287-47BC-9E38-979E6CD2F54A}.Release|Any CPU.Build.0 = Release|Any CPU
	EndGlobalSection
	GlobalSection(SolutionProperties) = preSolution
		HideSolutionNode = FALSE
	EndGlobalSection
	GlobalSection(ExtensibilityGlobals) = postSolution
		SolutionGuid = {806C2807-B788-441F-B080-04167829DECB}
	EndGlobalSection
EndGlobal
